{
    "_meta": {
        "hash": {
            "sha256": "2e0adfebe2528e2744f9862e547ed91d2e92afa5fd7a4800777cc5cfd76ae608"
        },
        "pipfile-spec": 6,
        "requires": {
            "python_version": "3.9"
        },
        "sources": [
            {
                "name": "pypi",
                "url": "https://pypi.org/simple",
                "verify_ssl": true
            }
        ]
    },
    "default": {
        "attrs": {
            "hashes": [
                "sha256:29adc2665447e5191d0e7c568fde78b21f9672d344281d0c6e1ab085429b22b6",
                "sha256:86efa402f67bf2df34f51a335487cf46b1ec130d02b8d39fd248abfd30da551c"
            ],
            "markers": "python_version >= '3.5'",
            "version": "==22.1.0"
        },
        "cmd2": {
            "hashes": [
                "sha256:073e555c05853b0f6965f3d03329babdf9e38a5f2cea028e61a64cd7eeb74ad5",
                "sha256:a77e3056751393270b4125c990cf527db132f15951a20a3a5dd2df4290aadf20"
            ],
            "markers": "python_version >= '3.6'",
            "version": "==2.4.2"
        },
        "mypackage": {
            "hashes": [
                "sha256:abb5f969061f0eabd4dbcaa5ba54933cd6c5160b90eef6dd4510c2940ab6a70b"
            ],
            "index": "pypi",
            "version": "==0.1"
        },
        "pyperclip": {
            "hashes": [
                "sha256:105254a8b04934f0bc84e9c24eb360a591aaf6535c9def5f29d92af107a9bf57"
            ],
            "version": "==1.8.2"
        },
        "pyreadline3": {
            "hashes": [
                "sha256:6f3d1f7b8a31ba32b73917cefc1f28cc660562f39aea8646d30bd6eff21f7bae",
                "sha256:b0efb6516fd4fb07b45949053826a62fa4cb353db5be2bbb4a7aa1fdd1e345fb"
            ],
            "markers": "sys_platform == 'win32'",
            "version": "==3.4.1"
        },
        "wcwidth": {
            "hashes": [
                "sha256:beb4802a9cebb9144e99086eff703a642a13d6a0052920003a230f3294bbe784",
                "sha256:c4d647b99872929fdb7bdcaa4fbe7f01413ed3d98077df798530e5b04f116c83"
            ],
            "version": "==0.2.5"
        }
    },
    "develop": {}
}
